
Microsoft Visual Studio Solution File, Format Version 12.00
# Visual Studio Version 16
VisualStudioVersion = 16.0.31410.357
MinimumVisualStudioVersion = 10.0.40219.1
Project("{8BC9CEB8-8B4A-11D0-8D11-00A0C91BC942}") = "SFML_Pong", "SFML_Pong\SFML_Pong.vcxproj", "{65EB52ED-B441-4FAD-85FC-99382554BA96}"
EndProject
Global
	GlobalSection(SolutionConfigurationPlatforms) = preSolution
		Debug|x64 = Debug|x64
		Debug|x86 = Debug|x86
		Release|x64 = Release|x64
		Release|x86 = Release|x86
		TestBuild|x64 = TestBuild|x64
		TestBuild|x86 = TestBuild|x86
	EndGlobalSection
	GlobalSection(ProjectConfigurationPlatforms) = postSolution
		{65EB52ED-B441-4FAD-85FC-99382554BA96}.Debug|x64.ActiveCfg = Debug|x64
		{65EB52ED-B441-4FAD-85FC-99382554BA96}.Debug|x64.Build.0 = Debug|x64
		{65EB52ED-B441-4FAD-85FC-99382554BA96}.Debug|x86.ActiveCfg = Debug|Win32
		{65EB52ED-B441-4FAD-85FC-99382554BA96}.Debug|x86.Build.0 = Debug|Win32
		{65EB52ED-B441-4FAD-85FC-99382554BA96}.Release|x64.ActiveCfg = Release|x64
		{65EB52ED-B441-4FAD-85FC-99382554BA96}.Release|x64.Build.0 = Release|x64
		{65EB52ED-B441-4FAD-85FC-99382554BA96}.Release|x86.ActiveCfg = Release|Win32
		{65EB52ED-B441-4FAD-85FC-99382554BA96}.Release|x86.Build.0 = Release|Win32
		{65EB52ED-B441-4FAD-85FC-99382554BA96}.TestBuild|x64.ActiveCfg = TestBuild|x64
		{65EB52ED-B441-4FAD-85FC-99382554BA96}.TestBuild|x64.Build.0 = TestBuild|x64
		{65EB52ED-B441-4FAD-85FC-99382554BA96}.TestBuild|x86.ActiveCfg = TestBuild|Win32
		{65EB52ED-B441-4FAD-85FC-99382554BA96}.TestBuild|x86.Build.0 = TestBuild|Win32
	EndGlobalSection
	GlobalSection(SolutionProperties) = preSolution
		HideSolutionNode = FALSE
	EndGlobalSection
	GlobalSection(ExtensibilityGlobals) = postSolution
		SolutionGuid = {40DF9280-A8FE-4B08-BE01-B28D0D3E5454}
	EndGlobalSection
EndGlobal
